// !$*UTF8*$!
{
	archiveVersion = 1;
	classes = {
	};
	objectVersion = 48;
	objects = {

/* Begin PBXBuildFile section */
		122481FA20DE9E81006B7DD0 /* CategoryViewController.swift in Sources */ = {isa = PBXBuildFile; fileRef = 122481F920DE9E81006B7DD0 /* CategoryViewController.swift */; };
		1237C9F62019D20C006124B7 /* AppDelegate.swift in Sources */ = {isa = PBXBuildFile; fileRef = 1237C9F52019D20C006124B7 /* AppDelegate.swift */; };
		1237C9F82019D20C006124B7 /* TodoListViewController.swift in Sources */ = {isa = PBXBuildFile; fileRef = 1237C9F72019D20C006124B7 /* TodoListViewController.swift */; };
		1237C9FB2019D20C006124B7 /* Main.storyboard in Resources */ = {isa = PBXBuildFile; fileRef = 1237C9F92019D20C006124B7 /* Main.storyboard */; };
		1237C9FD2019D20C006124B7 /* Assets.xcassets in Resources */ = {isa = PBXBuildFile; fileRef = 1237C9FC2019D20C006124B7 /* Assets.xcassets */; };
		1237CA002019D20C006124B7 /* LaunchScreen.storyboard in Resources */ = {isa = PBXBuildFile; fileRef = 1237C9FE2019D20C006124B7 /* LaunchScreen.storyboard */; };
		1254BF4920C43ECC00DF03EB /* DataModel.xcdatamodeld in Sources */ = {isa = PBXBuildFile; fileRef = 1254BF4720C43ECC00DF03EB /* DataModel.xcdatamodeld */; };
		7D3A0250E95CE35FE9A409B2 /* Pods_Todoux.framework in Frameworks */ = {isa = PBXBuildFile; fileRef = 37AE901D167DAC4C7846077B /* Pods_Todoux.framework */; };
/* End PBXBuildFile section */

/* Begin PBXFileReference section */
		0558D21BFCBBB5E9A2F6FA14 /* Pods-Todoux.debug.xcconfig */ = {isa = PBXFileReference; includeInIndex = 1; lastKnownFileType = text.xcconfig; name = "Pods-Todoux.debug.xcconfig"; path = "Pods/Target Support Files/Pods-Todoux/Pods-Todoux.debug.xcconfig"; sourceTree = "<group>"; };
		122481F920DE9E81006B7DD0 /* CategoryViewController.swift */ = {isa = PBXFileReference; lastKnownFileType = sourcecode.swift; path = CategoryViewController.swift; sourceTree = "<group>"; };
		1237C9F22019D20C006124B7 /* Todoux.app */ = {isa = PBXFileReference; explicitFileType = wrapper.application; includeInIndex = 0; path = Todoux.app; sourceTree = BUILT_PRODUCTS_DIR; };
		1237C9F52019D20C006124B7 /* AppDelegate.swift */ = {isa = PBXFileReference; lastKnownFileType = sourcecode.swift; path = AppDelegate.swift; sourceTree = "<group>"; };
		1237C9F72019D20C006124B7 /* TodoListViewController.swift */ = {isa = PBXFileReference; lastKnownFileType = sourcecode.swift; path = TodoListViewController.swift; sourceTree = "<group>"; };
		1237C9FA2019D20C006124B7 /* Base */ = {isa = PBXFileReference; lastKnownFileType = file.storyboard; name = Base; path = Base.lproj/Main.storyboard; sourceTree = "<group>"; };
		1237C9FC2019D20C006124B7 /* Assets.xcassets */ = {isa = PBXFileReference; lastKnownFileType = folder.assetcatalog; path = Assets.xcassets; sourceTree = "<group>"; };
		1237C9FF2019D20C006124B7 /* Base */ = {isa = PBXFileReference; lastKnownFileType = file.storyboard; name = Base; path = Base.lproj/LaunchScreen.storyboard; sourceTree = "<group>"; };
		1237CA012019D20C006124B7 /* Info.plist */ = {isa = PBXFileReference; lastKnownFileType = text.plist.xml; path = Info.plist; sourceTree = "<group>"; };
		1254BF4820C43ECC00DF03EB /* DataModel.xcdatamodel */ = {isa = PBXFileReference; lastKnownFileType = wrapper.xcdatamodel; path = DataModel.xcdatamodel; sourceTree = "<group>"; };
		37AE901D167DAC4C7846077B /* Pods_Todoux.framework */ = {isa = PBXFileReference; explicitFileType = wrapper.framework; includeInIndex = 0; path = Pods_Todoux.framework; sourceTree = BUILT_PRODUCTS_DIR; };
		95C48F5DE1AEE2267B0C00A8 /* Pods-Todoux.release.xcconfig */ = {isa = PBXFileReference; includeInIndex = 1; lastKnownFileType = text.xcconfig; name = "Pods-Todoux.release.xcconfig"; path = "Pods/Target Support Files/Pods-Todoux/Pods-Todoux.release.xcconfig"; sourceTree = "<group>"; };
/* End PBXFileReference section */

/* Begin PBXFrameworksBuildPhase section */
		1237C9EF2019D20C006124B7 /* Frameworks */ = {
			isa = PBXFrameworksBuildPhase;
			buildActionMask = 2147483647;
			files = (
				7D3A0250E95CE35FE9A409B2 /* Pods_Todoux.framework in Frameworks */,
			);
			runOnlyForDeploymentPostprocessing = 0;
		};
/* End PBXFrameworksBuildPhase section */

/* Begin PBXGroup section */
		122D590C2036B8FB00FB977C /* Data Model */ = {
			isa = PBXGroup;
			children = (
				1254BF4720C43ECC00DF03EB /* DataModel.xcdatamodeld */,
			);
			path = "Data Model";
			sourceTree = "<group>";
		};
		122D590D2036B9CF00FB977C /* Controllers */ = {
			isa = PBXGroup;
			children = (
				122481F920DE9E81006B7DD0 /* CategoryViewController.swift */,
				1237C9F72019D20C006124B7 /* TodoListViewController.swift */,
			);
			path = Controllers;
			sourceTree = "<group>";
		};
		122D590E2036BA2D00FB977C /* Views */ = {
			isa = PBXGroup;
			children = (
				1237C9F92019D20C006124B7 /* Main.storyboard */,
			);
			path = Views;
			sourceTree = "<group>";
		};
		122D590F2036BA8100FB977C /* Supporting Files */ = {
			isa = PBXGroup;
			children = (
				1237C9FC2019D20C006124B7 /* Assets.xcassets */,
				1237C9FE2019D20C006124B7 /* LaunchScreen.storyboard */,
			);
			path = "Supporting Files";
			sourceTree = "<group>";
		};
		1237C9E92019D20C006124B7 = {
			isa = PBXGroup;
			children = (
				1237C9F42019D20C006124B7 /* Todoux */,
				1237C9F32019D20C006124B7 /* Products */,
				EC143396F34D7A34471D4487 /* Pods */,
				AB94F9217F9DAF9E7BDB616E /* Frameworks */,
			);
			sourceTree = "<group>";
		};
		1237C9F32019D20C006124B7 /* Products */ = {
			isa = PBXGroup;
			children = (
				1237C9F22019D20C006124B7 /* Todoux.app */,
			);
			name = Products;
			sourceTree = "<group>";
		};
		1237C9F42019D20C006124B7 /* Todoux */ = {
			isa = PBXGroup;
			children = (
				1237C9F52019D20C006124B7 /* AppDelegate.swift */,
				122D590D2036B9CF00FB977C /* Controllers */,
				122D590C2036B8FB00FB977C /* Data Model */,
				122D590E2036BA2D00FB977C /* Views */,
				122D590F2036BA8100FB977C /* Supporting Files */,
				1237CA012019D20C006124B7 /* Info.plist */,
			);
			path = Todoux;
			sourceTree = "<group>";
		};
		AB94F9217F9DAF9E7BDB616E /* Frameworks */ = {
			isa = PBXGroup;
			children = (
				37AE901D167DAC4C7846077B /* Pods_Todoux.framework */,
			);
			name = Frameworks;
			sourceTree = "<group>";
		};
		EC143396F34D7A34471D4487 /* Pods */ = {
			isa = PBXGroup;
			children = (
				0558D21BFCBBB5E9A2F6FA14 /* Pods-Todoux.debug.xcconfig */,
				95C48F5DE1AEE2267B0C00A8 /* Pods-Todoux.release.xcconfig */,
			);
			name = Pods;
			sourceTree = "<group>";
		};
/* End PBXGroup section */

/* Begin PBXNativeTarget section */
		1237C9F12019D20C006124B7 /* Todoux */ = {
			isa = PBXNativeTarget;
			buildConfigurationList = 1237CA042019D20C006124B7 /* Build configuration list for PBXNativeTarget "Todoux" */;
			buildPhases = (
				AFC2AD2A0166740F584CA28B /* [CP] Check Pods Manifest.lock */,
				1237C9EE2019D20C006124B7 /* Sources */,
				1237C9EF2019D20C006124B7 /* Frameworks */,
				1237C9F02019D20C006124B7 /* Resources */,
				027B2C7C29FC409B0EA7033F /* [CP] Embed Pods Frameworks */,
				9F53AE397CD062B94835AD40 /* [CP] Copy Pods Resources */,
			);
			buildRules = (
			);
			dependencies = (
			);
			name = Todoux;
			productName = Todoux;
			productReference = 1237C9F22019D20C006124B7 /* Todoux.app */;
			productType = "com.apple.product-type.application";
		};
/* End PBXNativeTarget section */

/* Begin PBXProject section */
		1237C9EA2019D20C006124B7 /* Project object */ = {
			isa = PBXProject;
			attributes = {
				LastSwiftUpdateCheck = 0910;
				LastUpgradeCheck = 0910;
				ORGANIZATIONNAME = Converture;
				TargetAttributes = {
					1237C9F12019D20C006124B7 = {
						CreatedOnToolsVersion = 9.1;
						ProvisioningStyle = Automatic;
					};
				};
			};
			buildConfigurationList = 1237C9ED2019D20C006124B7 /* Build configuration list for PBXProject "Todoux" */;
			compatibilityVersion = "Xcode 8.0";
			developmentRegion = en;
			hasScannedForEncodings = 0;
			knownRegions = (
				en,
				Base,
			);
			mainGroup = 1237C9E92019D20C006124B7;
			productRefGroup = 1237C9F32019D20C006124B7 /* Products */;
			projectDirPath = "";
			projectRoot = "";
			targets = (
				1237C9F12019D20C006124B7 /* Todoux */,
			);
		};
/* End PBXProject section */

/* Begin PBXResourcesBuildPhase section */
		1237C9F02019D20C006124B7 /* Resources */ = {
			isa = PBXResourcesBuildPhase;
			buildActionMask = 2147483647;
			files = (
				1237CA002019D20C006124B7 /* LaunchScreen.storyboard in Resources */,
				1237C9FD2019D20C006124B7 /* Assets.xcassets in Resources */,
				1237C9FB2019D20C006124B7 /* Main.storyboard in Resources */,
			);
			runOnlyForDeploymentPostprocessing = 0;
		};
/* End PBXResourcesBuildPhase section */

/* Begin PBXShellScriptBuildPhase section */
		027B2C7C29FC409B0EA7033F /* [CP] Embed Pods Frameworks */ = {
			isa = PBXShellScriptBuildPhase;
			buildActionMask = 2147483647;
			files = (
			);
			inputPaths = (
				"${SRCROOT}/Pods/Target Support Files/Pods-Todoux/Pods-Todoux-frameworks.sh",
				"${BUILT_PRODUCTS_DIR}/Realm/Realm.framework",
				"${BUILT_PRODUCTS_DIR}/RealmSwift/RealmSwift.framework",
			);
			name = "[CP] Embed Pods Frameworks";
			outputPaths = (
				"${TARGET_BUILD_DIR}/${FRAMEWORKS_FOLDER_PATH}/Realm.framework",
				"${TARGET_BUILD_DIR}/${FRAMEWORKS_FOLDER_PATH}/RealmSwift.framework",
			);
			runOnlyForDeploymentPostprocessing = 0;
			shellPath = /bin/sh;
			shellScript = "\"${SRCROOT}/Pods/Target Support Files/Pods-Todoux/Pods-Todoux-frameworks.sh\"\n";
			showEnvVarsInLog = 0;
		};
		9F53AE397CD062B94835AD40 /* [CP] Copy Pods Resources */ = {
			isa = PBXShellScriptBuildPhase;
			buildActionMask = 2147483647;
			files = (
			);
			inputPaths = (
			);
			name = "[CP] Copy Pods Resources";
			outputPaths = (
			);
			runOnlyForDeploymentPostprocessing = 0;
			shellPath = /bin/sh;
			shellScript = "\"${SRCROOT}/Pods/Target Support Files/Pods-Todoux/Pods-Todoux-resources.sh\"\n";
			showEnvVarsInLog = 0;
		};
		AFC2AD2A0166740F584CA28B /* [CP] Check Pods Manifest.lock */ = {
			isa = PBXShellScriptBuildPhase;
			buildActionMask = 2147483647;
			files = (
			);
			inputPaths = (
				"${PODS_PODFILE_DIR_PATH}/Podfile.lock",
				"${PODS_ROOT}/Manifest.lock",
			);
			name = "[CP] Check Pods Manifest.lock";
			outputPaths = (
				"$(DERIVED_FILE_DIR)/Pods-Todoux-checkManifestLockResult.txt",
			);
			runOnlyForDeploymentPostprocessing = 0;
			shellPath = /bin/sh;
			shellScript = "diff \"${PODS_PODFILE_DIR_PATH}/Podfile.lock\" \"${PODS_ROOT}/Manifest.lock\" > /dev/null\nif [ $? != 0 ] ; then\n    # print error to STDERR\n    echo \"error: The sandbox is not in sync with the Podfile.lock. Run 'pod install' or update your CocoaPods installation.\" >&2\n    exit 1\nfi\n# This output is used by Xcode 'outputs' to avoid re-running this script phase.\necho \"SUCCESS\" > \"${SCRIPT_OUTPUT_FILE_0}\"\n";
			showEnvVarsInLog = 0;
		};
/* End PBXShellScriptBuildPhase section */

/* Begin PBXSourcesBuildPhase section */
		1237C9EE2019D20C006124B7 /* Sources */ = {
			isa = PBXSourcesBuildPhase;
			buildActionMask = 2147483647;
			files = (
				122481FA20DE9E81006B7DD0 /* CategoryViewController.swift in Sources */,
				1237C9F82019D20C006124B7 /* TodoListViewController.swift in Sources */,
				1254BF4920C43ECC00DF03EB /* DataModel.xcdatamodeld in Sources */,
				1237C9F62019D20C006124B7 /* AppDelegate.swift in Sources */,
			);
			runOnlyForDeploymentPostprocessing = 0;
		};
/* End PBXSourcesBuildPhase section */

/* Begin PBXVariantGroup section */
		1237C9F92019D20C006124B7 /* Main.storyboard */ = {
			isa = PBXVariantGroup;
			children = (
				1237C9FA2019D20C006124B7 /* Base */,
			);
			name = Main.storyboard;
			sourceTree = "<group>";
		};
		1237C9FE2019D20C006124B7 /* LaunchScreen.storyboard */ = {
			isa = PBXVariantGroup;
			children = (
				1237C9FF2019D20C006124B7 /* Base */,
			);
			name = LaunchScreen.storyboard;
			sourceTree = "<group>";
		};
/* End PBXVariantGroup section */

/* Begin XCBuildConfiguration section */
		1237CA022019D20C006124B7 /* Debug */ = {
			isa = XCBuildConfiguration;
			buildSettings = {
				ALWAYS_SEARCH_USER_PATHS = NO;
				CLANG_ANALYZER_NONNULL = YES;
				CLANG_ANALYZER_NUMBER_OBJECT_CONVERSION = YES_AGGRESSIVE;
				CLANG_CXX_LANGUAGE_STANDARD = "gnu++14";
				CLANG_CXX_LIBRARY = "libc++";
				CLANG_ENABLE_MODULES = YES;
				CLANG_ENABLE_OBJC_ARC = YES;
				CLANG_WARN_BLOCK_CAPTURE_AUTORELEASING = YES;
				CLANG_WARN_BOOL_CONVERSION = YES;
				CLANG_WARN_COMMA = YES;
				CLANG_WARN_CONSTANT_CONVERSION = YES;
				CLANG_WARN_DIRECT_OBJC_ISA_USAGE = YES_ERROR;
				CLANG_WARN_DOCUMENTATION_COMMENTS = YES;
				CLANG_WARN_EMPTY_BODY = YES;
				CLANG_WARN_ENUM_CONVERSION = YES;
				CLANG_WARN_INFINITE_RECURSION = YES;
				CLANG_WARN_INT_CONVERSION = YES;
				CLANG_WARN_NON_LITERAL_NULL_CONVERSION = YES;
				CLANG_WARN_OBJC_LITERAL_CONVERSION = YES;
				CLANG_WARN_OBJC_ROOT_CLASS = YES_ERROR;
				CLANG_WARN_RANGE_LOOP_ANALYSIS = YES;
				CLANG_WARN_STRICT_PROTOTYPES = YES;
				CLANG_WARN_SUSPICIOUS_MOVE = YES;
				CLANG_WARN_UNGUARDED_AVAILABILITY = YES_AGGRESSIVE;
				CLANG_WARN_UNREACHABLE_CODE = YES;
				CLANG_WARN__DUPLICATE_METHOD_MATCH = YES;
				CODE_SIGN_IDENTITY = "iPhone Developer";
				COPY_PHASE_STRIP = NO;
				DEBUG_INFORMATION_FORMAT = dwarf;
				ENABLE_STRICT_OBJC_MSGSEND = YES;
				ENABLE_TESTABILITY = YES;
				GCC_C_LANGUAGE_STANDARD = gnu11;
				GCC_DYNAMIC_NO_PIC = NO;
				GCC_NO_COMMON_BLOCKS = YES;
				GCC_OPTIMIZATION_LEVEL = 0;
				GCC_PREPROCESSOR_DEFINITIONS = (
					"DEBUG=1",
					"$(inherited)",
				);
				GCC_WARN_64_TO_32_BIT_CONVERSION = YES;
				GCC_WARN_ABOUT_RETURN_TYPE = YES_ERROR;
				GCC_WARN_UNDECLARED_SELECTOR = YES;
				GCC_WARN_UNINITIALIZED_AUTOS = YES_AGGRESSIVE;
				GCC_WARN_UNUSED_FUNCTION = YES;
				GCC_WARN_UNUSED_VARIABLE = YES;
				IPHONEOS_DEPLOYMENT_TARGET = 11.1;
				MTL_ENABLE_DEBUG_INFO = YES;
				ONLY_ACTIVE_ARCH = YES;
				SDKROOT = iphoneos;
				SWIFT_ACTIVE_COMPILATION_CONDITIONS = DEBUG;
				SWIFT_OPTIMIZATION_LEVEL = "-Onone";
			};
			name = Debug;
		};
		1237CA032019D20C006124B7 /* Release */ = {
			isa = XCBuildConfiguration;
			buildSettings = {
				ALWAYS_SEARCH_USER_PATHS = NO;
				CLANG_ANALYZER_NONNULL = YES;
				CLANG_ANALYZER_NUMBER_OBJECT_CONVERSION = YES_AGGRESSIVE;
				CLANG_CXX_LANGUAGE_STANDARD = "gnu++14";
				CLANG_CXX_LIBRARY = "libc++";
				CLANG_ENABLE_MODULES = YES;
				CLANG_ENABLE_OBJC_ARC = YES;
				CLANG_WARN_BLOCK_CAPTURE_AUTORELEASING = YES;
				CLANG_WARN_BOOL_CONVERSION = YES;
				CLANG_WARN_COMMA = YES;
				CLANG_WARN_CONSTANT_CONVERSION = YES;
				CLANG_WARN_DIRECT_OBJC_ISA_USAGE = YES_ERROR;
				CLANG_WARN_DOCUMENTATION_COMMENTS = YES;
				CLANG_WARN_EMPTY_BODY = YES;
				CLANG_WARN_ENUM_CONVERSION = YES;
				CLANG_WARN_INFINITE_RECURSION = YES;
				CLANG_WARN_INT_CONVERSION = YES;
				CLANG_WARN_NON_LITERAL_NULL_CONVERSION = YES;
				CLANG_WARN_OBJC_LITERAL_CONVERSION = YES;
				CLANG_WARN_OBJC_ROOT_CLASS = YES_ERROR;
				CLANG_WARN_RANGE_LOOP_ANALYSIS = YES;
				CLANG_WARN_STRICT_PROTOTYPES = YES;
				CLANG_WARN_SUSPICIOUS_MOVE = YES;
				CLANG_WARN_UNGUARDED_AVAILABILITY = YES_AGGRESSIVE;
				CLANG_WARN_UNREACHABLE_CODE = YES;
				CLANG_WARN__DUPLICATE_METHOD_MATCH = YES;
				CODE_SIGN_IDENTITY = "iPhone Developer";
				COPY_PHASE_STRIP = NO;
				DEBUG_INFORMATION_FORMAT = "dwarf-with-dsym";
				ENABLE_NS_ASSERTIONS = NO;
				ENABLE_STRICT_OBJC_MSGSEND = YES;
				GCC_C_LANGUAGE_STANDARD = gnu11;
				GCC_NO_COMMON_BLOCKS = YES;
				GCC_WARN_64_TO_32_BIT_CONVERSION = YES;
				GCC_WARN_ABOUT_RETURN_TYPE = YES_ERROR;
				GCC_WARN_UNDECLARED_SELECTOR = YES;
				GCC_WARN_UNINITIALIZED_AUTOS = YES_AGGRESSIVE;
				GCC_WARN_UNUSED_FUNCTION = YES;
				GCC_WARN_UNUSED_VARIABLE = YES;
				IPHONEOS_DEPLOYMENT_TARGET = 11.1;
				MTL_ENABLE_DEBUG_INFO = NO;
				SDKROOT = iphoneos;
				SWIFT_OPTIMIZATION_LEVEL = "-Owholemodule";
				VALIDATE_PRODUCT = YES;
			};
			name = Release;
		};
		1237CA052019D20C006124B7 /* Debug */ = {
			isa = XCBuildConfiguration;
			baseConfigurationReference = 0558D21BFCBBB5E9A2F6FA14 /* Pods-Todoux.debug.xcconfig */;
			buildSettings = {
				ASSETCATALOG_COMPILER_APPICON_NAME = AppIcon;
				CODE_SIGN_STYLE = Automatic;
				DEVELOPMENT_TEAM = T77868DL9Y;
				INFOPLIST_FILE = Todoux/Info.plist;
				LD_RUNPATH_SEARCH_PATHS = "$(inherited) @executable_path/Frameworks";
				PRODUCT_BUNDLE_IDENTIFIER = Converture.Todoux;
				PRODUCT_NAME = "$(TARGET_NAME)";
				SWIFT_VERSION = 4.0;
				TARGETED_DEVICE_FAMILY = "1,2";
			};
			name = Debug;
		};
		1237CA062019D20C006124B7 /* Release */ = {
			isa = XCBuildConfiguration;
			baseConfigurationReference = 95C48F5DE1AEE2267B0C00A8 /* Pods-Todoux.release.xcconfig */;
			buildSettings = {
				ASSETCATALOG_COMPILER_APPICON_NAME = AppIcon;
				CODE_SIGN_STYLE = Automatic;
				DEVELOPMENT_TEAM = T77868DL9Y;
				INFOPLIST_FILE = Todoux/Info.plist;
				LD_RUNPATH_SEARCH_PATHS = "$(inherited) @executable_path/Frameworks";
				PRODUCT_BUNDLE_IDENTIFIER = Converture.Todoux;
				PRODUCT_NAME = "$(TARGET_NAME)";
				SWIFT_VERSION = 4.0;
				TARGETED_DEVICE_FAMILY = "1,2";
			};
			name = Release;
		};
/* End XCBuildConfiguration section */

/* Begin XCConfigurationList section */
		1237C9ED2019D20C006124B7 /* Build configuration list for PBXProject "Todoux" */ = {
			isa = XCConfigurationList;
			buildConfigurations = (
				1237CA022019D20C006124B7 /* Debug */,
				1237CA032019D20C006124B7 /* Release */,
			);
			defaultConfigurationIsVisible = 0;
			defaultConfigurationName = Release;
		};
		1237CA042019D20C006124B7 /* Build configuration list for PBXNativeTarget "Todoux" */ = {
			isa = XCConfigurationList;
			buildConfigurations = (
				1237CA052019D20C006124B7 /* Debug */,
				1237CA062019D20C006124B7 /* Release */,
			);
			defaultConfigurationIsVisible = 0;
			defaultConfigurationName = Release;
		};
/* End XCConfigurationList section */

/* Begin XCVersionGroup section */
		1254BF4720C43ECC00DF03EB /* DataModel.xcdatamodeld */ = {
			isa = XCVersionGroup;
			children = (
				1254BF4820C43ECC00DF03EB /* DataModel.xcdatamodel */,
			);
			currentVersion = 1254BF4820C43ECC00DF03EB /* DataModel.xcdatamodel */;
			path = DataModel.xcdatamodeld;
			sourceTree = "<group>";
			versionGroupType = wrapper.xcdatamodel;
		};
/* End XCVersionGroup section */
	};
	rootObject = 1237C9EA2019D20C006124B7 /* Project object */;
}
